// !$*UTF8*$!
{
	archiveVersion = 1;
	classes = {
	};
	objectVersion = 46;
	objects = {

/* Begin PBXBuildFile section */
		47A4B1011BA6023A00565AE2 /* main.m in Sources */ = {isa = PBXBuildFile; fileRef = 47A4B1001BA6023A00565AE2 /* main.m */; };
		47A4B1041BA6023A00565AE2 /* AppDelegate.m in Sources */ = {isa = PBXBuildFile; fileRef = 47A4B1031BA6023A00565AE2 /* AppDelegate.m */; };
		47A4B10A1BA6023A00565AE2 /* Main.storyboard in Resources */ = {isa = PBXBuildFile; fileRef = 47A4B1081BA6023A00565AE2 /* Main.storyboard */; };
		47A4B10C1BA6023A00565AE2 /* Images.xcassets in Resources */ = {isa = PBXBuildFile; fileRef = 47A4B10B1BA6023A00565AE2 /* Images.xcassets */; };
		47A4B10F1BA6023A00565AE2 /* LaunchScreen.xib in Resources */ = {isa = PBXBuildFile; fileRef = 47A4B10D1BA6023A00565AE2 /* LaunchScreen.xib */; };
		47A4B11B1BA6023A00565AE2 /* TaxCalcTests.m in Sources */ = {isa = PBXBuildFile; fileRef = 47A4B11A1BA6023A00565AE2 /* TaxCalcTests.m */; };
		47A4B1261BA6027E00565AE2 /* RootViewController.m in Sources */ = {isa = PBXBuildFile; fileRef = 47A4B1251BA6027E00565AE2 /* RootViewController.m */; };
/* End PBXBuildFile section */

/* Begin PBXContainerItemProxy section */
		47A4B1151BA6023A00565AE2 /* PBXContainerItemProxy */ = {
			isa = PBXContainerItemProxy;
			containerPortal = 47A4B0F31BA6023A00565AE2 /* Project object */;
			proxyType = 1;
			remoteGlobalIDString = 47A4B0FA1BA6023A00565AE2;
			remoteInfo = TaxCalc;
		};
/* End PBXContainerItemProxy section */

/* Begin PBXFileReference section */
		47A4B0FB1BA6023A00565AE2 /* TaxCalc.app */ = {isa = PBXFileReference; explicitFileType = wrapper.application; includeInIndex = 0; path = TaxCalc.app; sourceTree = BUILT_PRODUCTS_DIR; };
		47A4B0FF1BA6023A00565AE2 /* Info.plist */ = {isa = PBXFileReference; lastKnownFileType = text.plist.xml; path = Info.plist; sourceTree = "<group>"; };
		47A4B1001BA6023A00565AE2 /* main.m */ = {isa = PBXFileReference; lastKnownFileType = sourcecode.c.objc; path = main.m; sourceTree = "<group>"; };
		47A4B1021BA6023A00565AE2 /* AppDelegate.h */ = {isa = PBXFileReference; lastKnownFileType = sourcecode.c.h; path = AppDelegate.h; sourceTree = "<group>"; };
		47A4B1031BA6023A00565AE2 /* AppDelegate.m */ = {isa = PBXFileReference; lastKnownFileType = sourcecode.c.objc; path = AppDelegate.m; sourceTree = "<group>"; };
		47A4B1091BA6023A00565AE2 /* Base */ = {isa = PBXFileReference; lastKnownFileType = file.storyboard; name = Base; path = Base.lproj/Main.storyboard; sourceTree = "<group>"; };
		47A4B10B1BA6023A00565AE2 /* Images.xcassets */ = {isa = PBXFileReference; lastKnownFileType = folder.assetcatalog; path = Images.xcassets; sourceTree = "<group>"; };
		47A4B10E1BA6023A00565AE2 /* Base */ = {isa = PBXFileReference; lastKnownFileType = file.xib; name = Base; path = Base.lproj/LaunchScreen.xib; sourceTree = "<group>"; };
		47A4B1141BA6023A00565AE2 /* TaxCalcTests.xctest */ = {isa = PBXFileReference; explicitFileType = wrapper.cfbundle; includeInIndex = 0; path = TaxCalcTests.xctest; sourceTree = BUILT_PRODUCTS_DIR; };
		47A4B1191BA6023A00565AE2 /* Info.plist */ = {isa = PBXFileReference; lastKnownFileType = text.plist.xml; path = Info.plist; sourceTree = "<group>"; };
		47A4B11A1BA6023A00565AE2 /* TaxCalcTests.m */ = {isa = PBXFileReference; lastKnownFileType = sourcecode.c.objc; path = TaxCalcTests.m; sourceTree = "<group>"; };
		47A4B1241BA6027E00565AE2 /* RootViewController.h */ = {isa = PBXFileReference; fileEncoding = 4; lastKnownFileType = sourcecode.c.h; path = RootViewController.h; sourceTree = "<group>"; };
		47A4B1251BA6027E00565AE2 /* RootViewController.m */ = {isa = PBXFileReference; fileEncoding = 4; lastKnownFileType = sourcecode.c.objc; path = RootViewController.m; sourceTree = "<group>"; };
/* End PBXFileReference section */

/* Begin PBXFrameworksBuildPhase section */
		47A4B0F81BA6023A00565AE2 /* Frameworks */ = {
			isa = PBXFrameworksBuildPhase;
			buildActionMask = 2147483647;
			files = (
			);
			runOnlyForDeploymentPostprocessing = 0;
		};
		47A4B1111BA6023A00565AE2 /* Frameworks */ = {
			isa = PBXFrameworksBuildPhase;
			buildActionMask = 2147483647;
			files = (
			);
			runOnlyForDeploymentPostprocessing = 0;
		};
/* End PBXFrameworksBuildPhase section */

/* Begin PBXGroup section */
		47A4B0F21BA6023A00565AE2 = {
			isa = PBXGroup;
			children = (
				47A4B0FD1BA6023A00565AE2 /* TaxCalc */,
				47A4B1171BA6023A00565AE2 /* TaxCalcTests */,
				47A4B0FC1BA6023A00565AE2 /* Products */,
			);
			sourceTree = "<group>";
		};
		47A4B0FC1BA6023A00565AE2 /* Products */ = {
			isa = PBXGroup;
			children = (
				47A4B0FB1BA6023A00565AE2 /* TaxCalc.app */,
				47A4B1141BA6023A00565AE2 /* TaxCalcTests.xctest */,
			);
			name = Products;
			sourceTree = "<group>";
		};
		47A4B0FD1BA6023A00565AE2 /* TaxCalc */ = {
			isa = PBXGroup;
			children = (
				47A4B1021BA6023A00565AE2 /* AppDelegate.h */,
				47A4B1031BA6023A00565AE2 /* AppDelegate.m */,
				47A4B1081BA6023A00565AE2 /* Main.storyboard */,
				47A4B10B1BA6023A00565AE2 /* Images.xcassets */,
				47A4B10D1BA6023A00565AE2 /* LaunchScreen.xib */,
				47A4B0FE1BA6023A00565AE2 /* Supporting Files */,
				47A4B1241BA6027E00565AE2 /* RootViewController.h */,
				47A4B1251BA6027E00565AE2 /* RootViewController.m */,
			);
			path = TaxCalc;
			sourceTree = "<group>";
		};
		47A4B0FE1BA6023A00565AE2 /* Supporting Files */ = {
			isa = PBXGroup;
			children = (
				47A4B0FF1BA6023A00565AE2 /* Info.plist */,
				47A4B1001BA6023A00565AE2 /* main.m */,
			);
			name = "Supporting Files";
			sourceTree = "<group>";
		};
		47A4B1171BA6023A00565AE2 /* TaxCalcTests */ = {
			isa = PBXGroup;
			children = (
				47A4B11A1BA6023A00565AE2 /* TaxCalcTests.m */,
				47A4B1181BA6023A00565AE2 /* Supporting Files */,
			);
			path = TaxCalcTests;
			sourceTree = "<group>";
		};
		47A4B1181BA6023A00565AE2 /* Supporting Files */ = {
			isa = PBXGroup;
			children = (
				47A4B1191BA6023A00565AE2 /* Info.plist */,
			);
			name = "Supporting Files";
			sourceTree = "<group>";
		};
/* End PBXGroup section */

/* Begin PBXNativeTarget section */
		47A4B0FA1BA6023A00565AE2 /* TaxCalc */ = {
			isa = PBXNativeTarget;
			buildConfigurationList = 47A4B11E1BA6023A00565AE2 /* Build configuration list for PBXNativeTarget "TaxCalc" */;
			buildPhases = (
				47A4B0F71BA6023A00565AE2 /* Sources */,
				47A4B0F81BA6023A00565AE2 /* Frameworks */,
				47A4B0F91BA6023A00565AE2 /* Resources */,
			);
			buildRules = (
			);
			dependencies = (
			);
			name = TaxCalc;
			productName = TaxCalc;
			productReference = 47A4B0FB1BA6023A00565AE2 /* TaxCalc.app */;
			productType = "com.apple.product-type.application";
		};
		47A4B1131BA6023A00565AE2 /* TaxCalcTests */ = {
			isa = PBXNativeTarget;
			buildConfigurationList = 47A4B1211BA6023A00565AE2 /* Build configuration list for PBXNativeTarget "TaxCalcTests" */;
			buildPhases = (
				47A4B1101BA6023A00565AE2 /* Sources */,
				47A4B1111BA6023A00565AE2 /* Frameworks */,
				47A4B1121BA6023A00565AE2 /* Resources */,
			);
			buildRules = (
			);
			dependencies = (
				47A4B1161BA6023A00565AE2 /* PBXTargetDependency */,
			);
			name = TaxCalcTests;
			productName = TaxCalcTests;
			productReference = 47A4B1141BA6023A00565AE2 /* TaxCalcTests.xctest */;
			productType = "com.apple.product-type.bundle.unit-test";
		};
/* End PBXNativeTarget section */

/* Begin PBXProject section */
		47A4B0F31BA6023A00565AE2 /* Project object */ = {
			isa = PBXProject;
			attributes = {
				LastUpgradeCheck = 0640;
				ORGANIZATIONNAME = "Francis Bato";
				TargetAttributes = {
					47A4B0FA1BA6023A00565AE2 = {
						CreatedOnToolsVersion = 6.4;
					};
					47A4B1131BA6023A00565AE2 = {
						CreatedOnToolsVersion = 6.4;
						TestTargetID = 47A4B0FA1BA6023A00565AE2;
					};
				};
			};
			buildConfigurationList = 47A4B0F61BA6023A00565AE2 /* Build configuration list for PBXProject "TaxCalc" */;
			compatibilityVersion = "Xcode 3.2";
			developmentRegion = English;
			hasScannedForEncodings = 0;
			knownRegions = (
				en,
				Base,
			);
			mainGroup = 47A4B0F21BA6023A00565AE2;
			productRefGroup = 47A4B0FC1BA6023A00565AE2 /* Products */;
			projectDirPath = "";
			projectRoot = "";
			targets = (
				47A4B0FA1BA6023A00565AE2 /* TaxCalc */,
				47A4B1131BA6023A00565AE2 /* TaxCalcTests */,
			);
		};
/* End PBXProject section */

/* Begin PBXResourcesBuildPhase section */
		47A4B0F91BA6023A00565AE2 /* Resources */ = {
			isa = PBXResourcesBuildPhase;
			buildActionMask = 2147483647;
			files = (
				47A4B10A1BA6023A00565AE2 /* Main.storyboard in Resources */,
				47A4B10F1BA6023A00565AE2 /* LaunchScreen.xib in Resources */,
				47A4B10C1BA6023A00565AE2 /* Images.xcassets in Resources */,
			);
			runOnlyForDeploymentPostprocessing = 0;
		};
		47A4B1121BA6023A00565AE2 /* Resources */ = {
			isa = PBXResourcesBuildPhase;
			buildActionMask = 2147483647;
			files = (
			);
			runOnlyForDeploymentPostprocessing = 0;
		};
/* End PBXResourcesBuildPhase section */

/* Begin PBXSourcesBuildPhase section */
		47A4B0F71BA6023A00565AE2 /* Sources */ = {
			isa = PBXSourcesBuildPhase;
			buildActionMask = 2147483647;
			files = (
				47A4B1041BA6023A00565AE2 /* AppDelegate.m in Sources */,
				47A4B1011BA6023A00565AE2 /* main.m in Sources */,
				47A4B1261BA6027E00565AE2 /* RootViewController.m in Sources */,
			);
			runOnlyForDeploymentPostprocessing = 0;
		};
		47A4B1101BA6023A00565AE2 /* Sources */ = {
			isa = PBXSourcesBuildPhase;
			buildActionMask = 2147483647;
			files = (
				47A4B11B1BA6023A00565AE2 /* TaxCalcTests.m in Sources */,
			);
			runOnlyForDeploymentPostprocessing = 0;
		};
/* End PBXSourcesBuildPhase section */

/* Begin PBXTargetDependency section */
		47A4B1161BA6023A00565AE2 /* PBXTargetDependency */ = {
			isa = PBXTargetDependency;
			target = 47A4B0FA1BA6023A00565AE2 /* TaxCalc */;
			targetProxy = 47A4B1151BA6023A00565AE2 /* PBXContainerItemProxy */;
		};
/* End PBXTargetDependency section */

/* Begin PBXVariantGroup section */
		47A4B1081BA6023A00565AE2 /* Main.storyboard */ = {
			isa = PBXVariantGroup;
			children = (
				47A4B1091BA6023A00565AE2 /* Base */,
			);
			name = Main.storyboard;
			sourceTree = "<group>";
		};
		47A4B10D1BA6023A00565AE2 /* LaunchScreen.xib */ = {
			isa = PBXVariantGroup;
			children = (
				47A4B10E1BA6023A00565AE2 /* Base */,
			);
			name = LaunchScreen.xib;
			sourceTree = "<group>";
		};
/* End PBXVariantGroup section */

/* Begin XCBuildConfiguration section */
		47A4B11C1BA6023A00565AE2 /* Debug */ = {
			isa = XCBuildConfiguration;
			buildSettings = {
				ALWAYS_SEARCH_USER_PATHS = NO;
				CLANG_CXX_LANGUAGE_STANDARD = "gnu++0x";
				CLANG_CXX_LIBRARY = "libc++";
				CLANG_ENABLE_MODULES = YES;
				CLANG_ENABLE_OBJC_ARC = YES;
				CLANG_WARN_BOOL_CONVERSION = YES;
				CLANG_WARN_CONSTANT_CONVERSION = YES;
				CLANG_WARN_DIRECT_OBJC_ISA_USAGE = YES_ERROR;
				CLANG_WARN_EMPTY_BODY = YES;
				CLANG_WARN_ENUM_CONVERSION = YES;
				CLANG_WARN_INT_CONVERSION = YES;
				CLANG_WARN_OBJC_ROOT_CLASS = YES_ERROR;
				CLANG_WARN_UNREACHABLE_CODE = YES;
				CLANG_WARN__DUPLICATE_METHOD_MATCH = YES;
				"CODE_SIGN_IDENTITY[sdk=iphoneos*]" = "iPhone Developer";
				COPY_PHASE_STRIP = NO;
				DEBUG_INFORMATION_FORMAT = "dwarf-with-dsym";
				ENABLE_STRICT_OBJC_MSGSEND = YES;
				GCC_C_LANGUAGE_STANDARD = gnu99;
				GCC_DYNAMIC_NO_PIC = NO;
				GCC_NO_COMMON_BLOCKS = YES;
				GCC_OPTIMIZATION_LEVEL = 0;
				GCC_PREPROCESSOR_DEFINITIONS = (
					"DEBUG=1",
					"$(inherited)",
				);
				GCC_SYMBOLS_PRIVATE_EXTERN = NO;
				GCC_WARN_64_TO_32_BIT_CONVERSION = YES;
				GCC_WARN_ABOUT_RETURN_TYPE = YES_ERROR;
				GCC_WARN_UNDECLARED_SELECTOR = YES;
				GCC_WARN_UNINITIALIZED_AUTOS = YES_AGGRESSIVE;
				GCC_WARN_UNUSED_FUNCTION = YES;
				GCC_WARN_UNUSED_VARIABLE = YES;
				IPHONEOS_DEPLOYMENT_TARGET = 8.4;
				MTL_ENABLE_DEBUG_INFO = YES;
				ONLY_ACTIVE_ARCH = YES;
				SDKROOT = iphoneos;
				TARGETED_DEVICE_FAMILY = "1,2";
			};
			name = Debug;
		};
		47A4B11D1BA6023A00565AE2 /* Release */ = {
			isa = XCBuildConfiguration;
			buildSettings = {
				ALWAYS_SEARCH_USER_PATHS = NO;
				CLANG_CXX_LANGUAGE_STANDARD = "gnu++0x";
				CLANG_CXX_LIBRARY = "libc++";
				CLANG_ENABLE_MODULES = YES;
				CLANG_ENABLE_OBJC_ARC = YES;
				CLANG_WARN_BOOL_CONVERSION = YES;
				CLANG_WARN_CONSTANT_CONVERSION = YES;
				CLANG_WARN_DIRECT_OBJC_ISA_USAGE = YES_ERROR;
				CLANG_WARN_EMPTY_BODY = YES;
				CLANG_WARN_ENUM_CONVERSION = YES;
				CLANG_WARN_INT_CONVERSION = YES;
				CLANG_WARN_OBJC_ROOT_CLASS = YES_ERROR;
				CLANG_WARN_UNREACHABLE_CODE = YES;
				CLANG_WARN__DUPLICATE_METHOD_MATCH = YES;
				"CODE_SIGN_IDENTITY[sdk=iphoneos*]" = "iPhone Developer";
				COPY_PHASE_STRIP = NO;
				DEBUG_INFORMATION_FORMAT = "dwarf-with-dsym";
				ENABLE_NS_ASSERTIONS = NO;
				ENABLE_STRICT_OBJC_MSGSEND = YES;
				GCC_C_LANGUAGE_STANDARD = gnu99;
				GCC_NO_COMMON_BLOCKS = YES;
				GCC_WARN_64_TO_32_BIT_CONVERSION = YES;
				GCC_WARN_ABOUT_RETURN_TYPE = YES_ERROR;
				GCC_WARN_UNDECLARED_SELECTOR = YES;
				GCC_WARN_UNINITIALIZED_AUTOS = YES_AGGRESSIVE;
				GCC_WARN_UNUSED_FUNCTION = YES;
				GCC_WARN_UNUSED_VARIABLE = YES;
				IPHONEOS_DEPLOYMENT_TARGET = 8.4;
				MTL_ENABLE_DEBUG_INFO = NO;
				SDKROOT = iphoneos;
				TARGETED_DEVICE_FAMILY = "1,2";
				VALIDATE_PRODUCT = YES;
			};
			name = Release;
		};
		47A4B11F1BA6023A00565AE2 /* Debug */ = {
			isa = XCBuildConfiguration;
			buildSettings = {
				ASSETCATALOG_COMPILER_APPICON_NAME = AppIcon;
				INFOPLIST_FILE = TaxCalc/Info.plist;
				LD_RUNPATH_SEARCH_PATHS = "$(inherited) @executable_path/Frameworks";
				PRODUCT_NAME = "$(TARGET_NAME)";
			};
			name = Debug;
		};
		47A4B1201BA6023A00565AE2 /* Release */ = {
			isa = XCBuildConfiguration;
			buildSettings = {
				ASSETCATALOG_COMPILER_APPICON_NAME = AppIcon;
				INFOPLIST_FILE = TaxCalc/Info.plist;
				LD_RUNPATH_SEARCH_PATHS = "$(inherited) @executable_path/Frameworks";
				PRODUCT_NAME = "$(TARGET_NAME)";
			};
			name = Release;
		};
		47A4B1221BA6023A00565AE2 /* Debug */ = {
			isa = XCBuildConfiguration;
			buildSettings = {
				BUNDLE_LOADER = "$(TEST_HOST)";
				FRAMEWORK_SEARCH_PATHS = (
					"$(SDKROOT)/Developer/Library/Frameworks",
					"$(inherited)",
				);
				GCC_PREPROCESSOR_DEFINITIONS = (
					"DEBUG=1",
					"$(inherited)",
				);
				INFOPLIST_FILE = TaxCalcTests/Info.plist;
				LD_RUNPATH_SEARCH_PATHS = "$(inherited) @executable_path/Frameworks @loader_path/Frameworks";
				PRODUCT_NAME = "$(TARGET_NAME)";
				TEST_HOST = "$(BUILT_PRODUCTS_DIR)/TaxCalc.app/TaxCalc";
			};
			name = Debug;
		};
		47A4B1231BA6023A00565AE2 /* Release */ = {
			isa = XCBuildConfiguration;
			buildSettings = {
				BUNDLE_LOADER = "$(TEST_HOST)";
				FRAMEWORK_SEARCH_PATHS = (
					"$(SDKROOT)/Developer/Library/Frameworks",
					"$(inherited)",
				);
				INFOPLIST_FILE = TaxCalcTests/Info.plist;
				LD_RUNPATH_SEARCH_PATHS = "$(inherited) @executable_path/Frameworks @loader_path/Frameworks";
				PRODUCT_NAME = "$(TARGET_NAME)";
				TEST_HOST = "$(BUILT_PRODUCTS_DIR)/TaxCalc.app/TaxCalc";
			};
			name = Release;
		};
/* End XCBuildConfiguration section */

/* Begin XCConfigurationList section */
		47A4B0F61BA6023A00565AE2 /* Build configuration list for PBXProject "TaxCalc" */ = {
			isa = XCConfigurationList;
			buildConfigurations = (
				47A4B11C1BA6023A00565AE2 /* Debug */,
				47A4B11D1BA6023A00565AE2 /* Release */,
			);
			defaultConfigurationIsVisible = 0;
			defaultConfigurationName = Release;
		};
		47A4B11E1BA6023A00565AE2 /* Build configuration list for PBXNativeTarget "TaxCalc" */ = {
			isa = XCConfigurationList;
			buildConfigurations = (
				47A4B11F1BA6023A00565AE2 /* Debug */,
				47A4B1201BA6023A00565AE2 /* Release */,
			);
			defaultConfigurationIsVisible = 0;
		};
		47A4B1211BA6023A00565AE2 /* Build configuration list for PBXNativeTarget "TaxCalcTests" */ = {
			isa = XCConfigurationList;
			buildConfigurations = (
				47A4B1221BA6023A00565AE2 /* Debug */,
				47A4B1231BA6023A00565AE2 /* Release */,
			);
			defaultConfigurationIsVisible = 0;
		};
/* End XCConfigurationList section */
	};
	rootObject = 47A4B0F31BA6023A00565AE2 /* Project object */;
}
